
Microsoft Visual Studio Solution File, Format Version 11.00
# Visual Studio 2010
Project("{FAE04EC0-301F-11D3-BF4B-00C04F79EFBC}") = "Singleton Vote Manager", "Singleton Vote Manager\Singleton Vote Manager.csproj", "{662667AD-DF12-45F4-8574-381E7BC3E599}"
EndProject
Global
	GlobalSection(SolutionConfigurationPlatforms) = preSolution
		Debug|x86 = Debug|x86
		Release|x86 = Release|x86
	EndGlobalSection
	GlobalSection(ProjectConfigurationPlatforms) = postSolution
		{662667AD-DF12-45F4-8574-381E7BC3E599}.Debug|x86.ActiveCfg = Debug|x86
		{662667AD-DF12-45F4-8574-381E7BC3E599}.Debug|x86.Build.0 = Debug|x86
		{662667AD-DF12-45F4-8574-381E7BC3E599}.Release|x86.ActiveCfg = Release|x86
		{662667AD-DF12-45F4-8574-381E7BC3E599}.Release|x86.Build.0 = Release|x86
	EndGlobalSection
	GlobalSection(SolutionProperties) = preSolution
		HideSolutionNode = FALSE
	EndGlobalSection
EndGlobal
